
Microsoft Visual Studio Solution File, Format Version 12.00
# Visual Studio Version 16
VisualStudioVersion = 16.0.30717.126
MinimumVisualStudioVersion = 10.0.40219.1
Project("{FAE04EC0-301F-11D3-BF4B-00C04F79EFBC}") = "PickMe2", "PickMe2.csproj", "{FB952D3B-6E07-4AEE-A78B-9D5C33BD47AA}"
EndProject
Global
	GlobalSection(SolutionConfigurationPlatforms) = preSolution
		Debug|Any CPU = Debug|Any CPU
		Release|Any CPU = Release|Any CPU
	EndGlobalSection
	GlobalSection(ProjectConfigurationPlatforms) = postSolution
		{FB952D3B-6E07-4AEE-A78B-9D5C33BD47AA}.Debug|Any CPU.ActiveCfg = Debug|Any CPU
		{FB952D3B-6E07-4AEE-A78B-9D5C33BD47AA}.Debug|Any CPU.Build.0 = Debug|Any CPU
		{FB952D3B-6E07-4AEE-A78B-9D5C33BD47AA}.Release|Any CPU.ActiveCfg = Release|Any CPU
		{FB952D3B-6E07-4AEE-A78B-9D5C33BD47AA}.Release|Any CPU.Build.0 = Release|Any CPU
	EndGlobalSection
	GlobalSection(SolutionProperties) = preSolution
		HideSolutionNode = FALSE
	EndGlobalSection
	GlobalSection(ExtensibilityGlobals) = postSolution
		SolutionGuid = {111214CA-5D7A-4C21-AFD0-EDC145E9DECC}
	EndGlobalSection
EndGlobal
